
Microsoft Visual Studio Solution File, Format Version 12.00
# Visual Studio Version 16
VisualStudioVersion = 16.0.30204.135
MinimumVisualStudioVersion = 10.0.40219.1
Project("{9A19103F-16F7-4668-BE54-9A1E7A4F7556}") = "PaymentGateway.WriteModel.API", "src\PaymentGateway.WriteModel.API\PaymentGateway.WriteModel.API.csproj", "{3DFAD3A1-F258-4965-A837-52FB68F36915}"
EndProject
Project("{9A19103F-16F7-4668-BE54-9A1E7A4F7556}") = "PaymentGateway.Messages.Common", "src\PaymentGateway.Messages.Common\PaymentGateway.Messages.Common.csproj", "{6B8BAF80-6C20-4F88-9330-59EFFD6F00A9}"
EndProject
Project("{9A19103F-16F7-4668-BE54-9A1E7A4F7556}") = "PaymentGateway.WriteModel.Application", "src\PaymentGateway.WriteModel.Application\PaymentGateway.WriteModel.Application.csproj", "{46EDAE67-75CF-47E8-AF3C-C62D565D6B93}"
EndProject
Project("{9A19103F-16F7-4668-BE54-9A1E7A4F7556}") = "PaymentGateway.Commands", "src\PaymentGateway.Commands\PaymentGateway.Commands.csproj", "{1236E5FB-BC88-423D-9FEF-B5BADFC9DB90}"
EndProject
Project("{2150E333-8FDC-42A3-9474-1A3956D46DE8}") = "Solution Items", "Solution Items", "{11EBD240-3428-4728-AD65-8CF99D5328E2}"
	ProjectSection(SolutionItems) = preProject
		setup\Dockerfile = setup\Dockerfile
	EndProjectSection
EndProject
Project("{9A19103F-16F7-4668-BE54-9A1E7A4F7556}") = "PaymentGateway.WriteModel.API.Tests", "src\PaymentGateway.WriteModel.API.Tests\PaymentGateway.WriteModel.API.Tests.csproj", "{C4DB3ECC-C80C-4B04-94C3-F6BC1A56EE39}"
EndProject
Global
	GlobalSection(SolutionConfigurationPlatforms) = preSolution
		Debug|Any CPU = Debug|Any CPU
		Release|Any CPU = Release|Any CPU
	EndGlobalSection
	GlobalSection(ProjectConfigurationPlatforms) = postSolution
		{3DFAD3A1-F258-4965-A837-52FB68F36915}.Debug|Any CPU.ActiveCfg = Debug|Any CPU
		{3DFAD3A1-F258-4965-A837-52FB68F36915}.Debug|Any CPU.Build.0 = Debug|Any CPU
		{3DFAD3A1-F258-4965-A837-52FB68F36915}.Release|Any CPU.ActiveCfg = Release|Any CPU
		{3DFAD3A1-F258-4965-A837-52FB68F36915}.Release|Any CPU.Build.0 = Release|Any CPU
		{6B8BAF80-6C20-4F88-9330-59EFFD6F00A9}.Debug|Any CPU.ActiveCfg = Debug|Any CPU
		{6B8BAF80-6C20-4F88-9330-59EFFD6F00A9}.Debug|Any CPU.Build.0 = Debug|Any CPU
		{6B8BAF80-6C20-4F88-9330-59EFFD6F00A9}.Release|Any CPU.ActiveCfg = Release|Any CPU
		{6B8BAF80-6C20-4F88-9330-59EFFD6F00A9}.Release|Any CPU.Build.0 = Release|Any CPU
		{46EDAE67-75CF-47E8-AF3C-C62D565D6B93}.Debug|Any CPU.ActiveCfg = Debug|Any CPU
		{46EDAE67-75CF-47E8-AF3C-C62D565D6B93}.Debug|Any CPU.Build.0 = Debug|Any CPU
		{46EDAE67-75CF-47E8-AF3C-C62D565D6B93}.Release|Any CPU.ActiveCfg = Release|Any CPU
		{46EDAE67-75CF-47E8-AF3C-C62D565D6B93}.Release|Any CPU.Build.0 = Release|Any CPU
		{1236E5FB-BC88-423D-9FEF-B5BADFC9DB90}.Debug|Any CPU.ActiveCfg = Debug|Any CPU
		{1236E5FB-BC88-423D-9FEF-B5BADFC9DB90}.Debug|Any CPU.Build.0 = Debug|Any CPU
		{1236E5FB-BC88-423D-9FEF-B5BADFC9DB90}.Release|Any CPU.ActiveCfg = Release|Any CPU
		{1236E5FB-BC88-423D-9FEF-B5BADFC9DB90}.Release|Any CPU.Build.0 = Release|Any CPU
		{C4DB3ECC-C80C-4B04-94C3-F6BC1A56EE39}.Debug|Any CPU.ActiveCfg = Debug|Any CPU
		{C4DB3ECC-C80C-4B04-94C3-F6BC1A56EE39}.Debug|Any CPU.Build.0 = Debug|Any CPU
		{C4DB3ECC-C80C-4B04-94C3-F6BC1A56EE39}.Release|Any CPU.ActiveCfg = Release|Any CPU
		{C4DB3ECC-C80C-4B04-94C3-F6BC1A56EE39}.Release|Any CPU.Build.0 = Release|Any CPU
	EndGlobalSection
	GlobalSection(SolutionProperties) = preSolution
		HideSolutionNode = FALSE
	EndGlobalSection
	GlobalSection(ExtensibilityGlobals) = postSolution
		SolutionGuid = {3D1DBD3E-D0A6-4858-9C85-AF42A52060E9}
	EndGlobalSection
EndGlobal
